
Microsoft Visual Studio Solution File, Format Version 12.00
# Visual Studio Version 16
VisualStudioVersion = 16.0.29319.158
MinimumVisualStudioVersion = 10.0.40219.1
Project("{FAE04EC0-301F-11D3-BF4B-00C04F79EFBC}") = "TestTask.ShapeLib", "TestTask.ShapeLib\TestTask.ShapeLib.csproj", "{29C49ADD-6F49-482C-B235-C9792720C323}"
EndProject
Project("{FAE04EC0-301F-11D3-BF4B-00C04F79EFBC}") = "TestTask.ShapeLib.Tests", "TestTask.ShapeLib.Tests\TestTask.ShapeLib.Tests.csproj", "{FF6AAEBB-D18A-4A2B-9969-AA7740DF407B}"
EndProject
Project("{9A19103F-16F7-4668-BE54-9A1E7A4F7556}") = "TestTask.Client", "TestTask.Client\TestTask.Client.csproj", "{9979A937-FD81-4DB7-88E5-14F4DEA97941}"
EndProject
Global
	GlobalSection(SolutionConfigurationPlatforms) = preSolution
		Debug|Any CPU = Debug|Any CPU
		Release|Any CPU = Release|Any CPU
	EndGlobalSection
	GlobalSection(ProjectConfigurationPlatforms) = postSolution
		{29C49ADD-6F49-482C-B235-C9792720C323}.Debug|Any CPU.ActiveCfg = Debug|Any CPU
		{29C49ADD-6F49-482C-B235-C9792720C323}.Debug|Any CPU.Build.0 = Debug|Any CPU
		{29C49ADD-6F49-482C-B235-C9792720C323}.Release|Any CPU.ActiveCfg = Release|Any CPU
		{29C49ADD-6F49-482C-B235-C9792720C323}.Release|Any CPU.Build.0 = Release|Any CPU
		{FF6AAEBB-D18A-4A2B-9969-AA7740DF407B}.Debug|Any CPU.ActiveCfg = Debug|Any CPU
		{FF6AAEBB-D18A-4A2B-9969-AA7740DF407B}.Debug|Any CPU.Build.0 = Debug|Any CPU
		{FF6AAEBB-D18A-4A2B-9969-AA7740DF407B}.Release|Any CPU.ActiveCfg = Release|Any CPU
		{FF6AAEBB-D18A-4A2B-9969-AA7740DF407B}.Release|Any CPU.Build.0 = Release|Any CPU
		{9979A937-FD81-4DB7-88E5-14F4DEA97941}.Debug|Any CPU.ActiveCfg = Debug|Any CPU
		{9979A937-FD81-4DB7-88E5-14F4DEA97941}.Debug|Any CPU.Build.0 = Debug|Any CPU
		{9979A937-FD81-4DB7-88E5-14F4DEA97941}.Release|Any CPU.ActiveCfg = Release|Any CPU
		{9979A937-FD81-4DB7-88E5-14F4DEA97941}.Release|Any CPU.Build.0 = Release|Any CPU
	EndGlobalSection
	GlobalSection(SolutionProperties) = preSolution
		HideSolutionNode = FALSE
	EndGlobalSection
	GlobalSection(ExtensibilityGlobals) = postSolution
		SolutionGuid = {034B36A4-44AA-48BB-8C0B-77FC3E5C1BB9}
	EndGlobalSection
EndGlobal
